
Microsoft Visual Studio Solution File, Format Version 12.00
# Visual Studio Version 17
VisualStudioVersion = 17.8.34330.188
MinimumVisualStudioVersion = 10.0.40219.1
Project("{FAE04EC0-301F-11D3-BF4B-00C04F79EFBC}") = "Ganesh_tiles", "Ganesh_tiles\Ganesh_tiles.csproj", "{901A876A-C930-4C25-9618-5310BDDDEEF8}"
EndProject
Global
	GlobalSection(SolutionConfigurationPlatforms) = preSolution
		Debug|Any CPU = Debug|Any CPU
		Release|Any CPU = Release|Any CPU
	EndGlobalSection
	GlobalSection(ProjectConfigurationPlatforms) = postSolution
		{901A876A-C930-4C25-9618-5310BDDDEEF8}.Debug|Any CPU.ActiveCfg = Debug|Any CPU
		{901A876A-C930-4C25-9618-5310BDDDEEF8}.Debug|Any CPU.Build.0 = Debug|Any CPU
		{901A876A-C930-4C25-9618-5310BDDDEEF8}.Release|Any CPU.ActiveCfg = Release|Any CPU
		{901A876A-C930-4C25-9618-5310BDDDEEF8}.Release|Any CPU.Build.0 = Release|Any CPU
	EndGlobalSection
	GlobalSection(SolutionProperties) = preSolution
		HideSolutionNode = FALSE
	EndGlobalSection
	GlobalSection(ExtensibilityGlobals) = postSolution
		SolutionGuid = {09A083C0-9847-45A5-8C23-681F4E045700}
	EndGlobalSection
EndGlobal
